
Microsoft Visual Studio Solution File, Format Version 12.00
# Visual Studio Version 16
VisualStudioVersion = 16.0.31624.102
MinimumVisualStudioVersion = 10.0.40219.1
Project("{9A19103F-16F7-4668-BE54-9A1E7A4F7556}") = "CoreKamp", "CoreKamp\CoreKamp.csproj", "{C589C076-632A-493C-A75C-6B6835EC0344}"
EndProject
Project("{9A19103F-16F7-4668-BE54-9A1E7A4F7556}") = "EntityLayer", "EntityLayer\EntityLayer.csproj", "{BD28226E-EC62-47E7-8AC3-0227911DB3D4}"
EndProject
Project("{9A19103F-16F7-4668-BE54-9A1E7A4F7556}") = "DataAccessLayer", "DataAccessLayer\DataAccessLayer.csproj", "{C2BC0CA6-4AB9-4566-8674-A6D6B47B8D34}"
EndProject
Project("{9A19103F-16F7-4668-BE54-9A1E7A4F7556}") = "BusinessLayer", "BusinessLayer\BusinessLayer.csproj", "{C8A23AFF-F9FE-463E-87D6-5A5EAFAA9311}"
EndProject
Project("{9A19103F-16F7-4668-BE54-9A1E7A4F7556}") = "CoreLayer", "CoreLayer\CoreLayer.csproj", "{65C94595-A395-4B04-AB27-391D87914E7F}"
EndProject
Project("{FAE04EC0-301F-11D3-BF4B-00C04F79EFBC}") = "CoreKampApi", "CoreKampApi\CoreKampApi.csproj", "{E0257662-69E6-4615-8222-151B025621B7}"
EndProject
Global
	GlobalSection(SolutionConfigurationPlatforms) = preSolution
		Debug|Any CPU = Debug|Any CPU
		Release|Any CPU = Release|Any CPU
	EndGlobalSection
	GlobalSection(ProjectConfigurationPlatforms) = postSolution
		{C589C076-632A-493C-A75C-6B6835EC0344}.Debug|Any CPU.ActiveCfg = Debug|Any CPU
		{C589C076-632A-493C-A75C-6B6835EC0344}.Debug|Any CPU.Build.0 = Debug|Any CPU
		{C589C076-632A-493C-A75C-6B6835EC0344}.Release|Any CPU.ActiveCfg = Release|Any CPU
		{C589C076-632A-493C-A75C-6B6835EC0344}.Release|Any CPU.Build.0 = Release|Any CPU
		{BD28226E-EC62-47E7-8AC3-0227911DB3D4}.Debug|Any CPU.ActiveCfg = Debug|Any CPU
		{BD28226E-EC62-47E7-8AC3-0227911DB3D4}.Debug|Any CPU.Build.0 = Debug|Any CPU
		{BD28226E-EC62-47E7-8AC3-0227911DB3D4}.Release|Any CPU.ActiveCfg = Release|Any CPU
		{BD28226E-EC62-47E7-8AC3-0227911DB3D4}.Release|Any CPU.Build.0 = Release|Any CPU
		{C2BC0CA6-4AB9-4566-8674-A6D6B47B8D34}.Debug|Any CPU.ActiveCfg = Debug|Any CPU
		{C2BC0CA6-4AB9-4566-8674-A6D6B47B8D34}.Debug|Any CPU.Build.0 = Debug|Any CPU
		{C2BC0CA6-4AB9-4566-8674-A6D6B47B8D34}.Release|Any CPU.ActiveCfg = Release|Any CPU
		{C2BC0CA6-4AB9-4566-8674-A6D6B47B8D34}.Release|Any CPU.Build.0 = Release|Any CPU
		{C8A23AFF-F9FE-463E-87D6-5A5EAFAA9311}.Debug|Any CPU.ActiveCfg = Debug|Any CPU
		{C8A23AFF-F9FE-463E-87D6-5A5EAFAA9311}.Debug|Any CPU.Build.0 = Debug|Any CPU
		{C8A23AFF-F9FE-463E-87D6-5A5EAFAA9311}.Release|Any CPU.ActiveCfg = Release|Any CPU
		{C8A23AFF-F9FE-463E-87D6-5A5EAFAA9311}.Release|Any CPU.Build.0 = Release|Any CPU
		{65C94595-A395-4B04-AB27-391D87914E7F}.Debug|Any CPU.ActiveCfg = Debug|Any CPU
		{65C94595-A395-4B04-AB27-391D87914E7F}.Debug|Any CPU.Build.0 = Debug|Any CPU
		{65C94595-A395-4B04-AB27-391D87914E7F}.Release|Any CPU.ActiveCfg = Release|Any CPU
		{65C94595-A395-4B04-AB27-391D87914E7F}.Release|Any CPU.Build.0 = Release|Any CPU
		{E0257662-69E6-4615-8222-151B025621B7}.Debug|Any CPU.ActiveCfg = Debug|Any CPU
		{E0257662-69E6-4615-8222-151B025621B7}.Debug|Any CPU.Build.0 = Debug|Any CPU
		{E0257662-69E6-4615-8222-151B025621B7}.Release|Any CPU.ActiveCfg = Release|Any CPU
		{E0257662-69E6-4615-8222-151B025621B7}.Release|Any CPU.Build.0 = Release|Any CPU
	EndGlobalSection
	GlobalSection(SolutionProperties) = preSolution
		HideSolutionNode = FALSE
	EndGlobalSection
	GlobalSection(ExtensibilityGlobals) = postSolution
		SolutionGuid = {F0D8E39E-2C07-4D1A-A951-7604B6D0070C}
	EndGlobalSection
EndGlobal
